
Microsoft Visual Studio Solution File, Format Version 12.00
# Visual Studio Version 17
VisualStudioVersion = 17.8.34511.84
MinimumVisualStudioVersion = 10.0.40219.1
Project("{9A19103F-16F7-4668-BE54-9A1E7A4F7556}") = "CarpMc", "CarpMc\CarpMc.csproj", "{CB4C660C-05B5-4555-A4DC-64D974ED67E2}"
EndProject
Global
	GlobalSection(SolutionConfigurationPlatforms) = preSolution
		Debug|Any CPU = Debug|Any CPU
		Release|Any CPU = Release|Any CPU
	EndGlobalSection
	GlobalSection(ProjectConfigurationPlatforms) = postSolution
		{CB4C660C-05B5-4555-A4DC-64D974ED67E2}.Debug|Any CPU.ActiveCfg = Debug|Any CPU
		{CB4C660C-05B5-4555-A4DC-64D974ED67E2}.Debug|Any CPU.Build.0 = Debug|Any CPU
		{CB4C660C-05B5-4555-A4DC-64D974ED67E2}.Release|Any CPU.ActiveCfg = Release|Any CPU
		{CB4C660C-05B5-4555-A4DC-64D974ED67E2}.Release|Any CPU.Build.0 = Release|Any CPU
	EndGlobalSection
	GlobalSection(SolutionProperties) = preSolution
		HideSolutionNode = FALSE
	EndGlobalSection
	GlobalSection(ExtensibilityGlobals) = postSolution
		SolutionGuid = {258BA0CF-DF77-494A-A7BD-BE6D08C2DA56}
	EndGlobalSection
EndGlobal
